
Microsoft Visual Studio Solution File, Format Version 12.00
# Visual Studio Version 17
VisualStudioVersion = 17.7.34031.279
MinimumVisualStudioVersion = 10.0.40219.1
Project("{9A19103F-16F7-4668-BE54-9A1E7A4F7556}") = "Another-Mirai-Native", "Another-Mirai-Native\Another-Mirai-Native.csproj", "{28FDFD9E-59DC-4EFF-BB5F-D07C077C74C5}"
EndProject
Project("{FAE04EC0-301F-11D3-BF4B-00C04F79EFBC}") = "CQP", "CQP\CQP.csproj", "{FAF82352-4013-4622-911A-DAD4E6F1754B}"
EndProject
Project("{9A19103F-16F7-4668-BE54-9A1E7A4F7556}") = "Protocol_MiraiAPIHttp", "Protocol_MiraiAPIHttp\Protocol_MiraiAPIHttp.csproj", "{7EAE6816-8FD9-4456-9387-851F075F73FC}"
EndProject
Project("{2150E333-8FDC-42A3-9474-1A3956D46DE8}") = "Solution Items", "Solution Items", "{5A3ED6B2-A57C-4086-A425-6EEE89894A29}"
	ProjectSection(SolutionItems) = preProject
		.editorconfig = .editorconfig
	EndProjectSection
EndProject
Project("{2150E333-8FDC-42A3-9474-1A3956D46DE8}") = "Protocols", "Protocols", "{2D9E67CC-6EDC-495E-876E-50DD65E6B28B}"
EndProject
Project("{9A19103F-16F7-4668-BE54-9A1E7A4F7556}") = "Protocol_NoConnection", "Protocol_NoConnection\Protocol_NoConnection.csproj", "{D1C15118-1FBC-4FD6-BE22-A85EDABB7321}"
EndProject
Project("{9A19103F-16F7-4668-BE54-9A1E7A4F7556}") = "UI_WPF", "UI_WPF\UI_WPF.csproj", "{6CC7B4F1-4DF6-41A3-87A5-A7A8ED1DCDFC}"
EndProject
Project("{9A19103F-16F7-4668-BE54-9A1E7A4F7556}") = "Protocol_OneBotv11", "Protocol_OneBot\Protocol_OneBotv11.csproj", "{40258B40-0DBD-4E63-9D04-E09A4BF3E5B3}"
EndProject
Project("{9A19103F-16F7-4668-BE54-9A1E7A4F7556}") = "Protocol_Satori_v1", "Protocol_Satori_v1\Protocol_Satori_v1.csproj", "{DE147760-0C55-4B95-BA3C-CE0DDE01AFE7}"
EndProject
Global
	GlobalSection(SolutionConfigurationPlatforms) = preSolution
		Debug|Any CPU = Debug|Any CPU
		Debug|x86 = Debug|x86
		Release|Any CPU = Release|Any CPU
		Release|x86 = Release|x86
	EndGlobalSection
	GlobalSection(ProjectConfigurationPlatforms) = postSolution
		{28FDFD9E-59DC-4EFF-BB5F-D07C077C74C5}.Debug|Any CPU.ActiveCfg = Debug|Any CPU
		{28FDFD9E-59DC-4EFF-BB5F-D07C077C74C5}.Debug|Any CPU.Build.0 = Debug|Any CPU
		{28FDFD9E-59DC-4EFF-BB5F-D07C077C74C5}.Debug|x86.ActiveCfg = Debug|x86
		{28FDFD9E-59DC-4EFF-BB5F-D07C077C74C5}.Debug|x86.Build.0 = Debug|x86
		{28FDFD9E-59DC-4EFF-BB5F-D07C077C74C5}.Release|Any CPU.ActiveCfg = Release|Any CPU
		{28FDFD9E-59DC-4EFF-BB5F-D07C077C74C5}.Release|Any CPU.Build.0 = Release|Any CPU
		{28FDFD9E-59DC-4EFF-BB5F-D07C077C74C5}.Release|x86.ActiveCfg = Release|x86
		{28FDFD9E-59DC-4EFF-BB5F-D07C077C74C5}.Release|x86.Build.0 = Release|x86
		{FAF82352-4013-4622-911A-DAD4E6F1754B}.Debug|Any CPU.ActiveCfg = Debug|Any CPU
		{FAF82352-4013-4622-911A-DAD4E6F1754B}.Debug|Any CPU.Build.0 = Debug|Any CPU
		{FAF82352-4013-4622-911A-DAD4E6F1754B}.Debug|x86.ActiveCfg = Debug|x86
		{FAF82352-4013-4622-911A-DAD4E6F1754B}.Debug|x86.Build.0 = Debug|x86
		{FAF82352-4013-4622-911A-DAD4E6F1754B}.Release|Any CPU.ActiveCfg = Release|Any CPU
		{FAF82352-4013-4622-911A-DAD4E6F1754B}.Release|Any CPU.Build.0 = Release|Any CPU
		{FAF82352-4013-4622-911A-DAD4E6F1754B}.Release|x86.ActiveCfg = Release|x86
		{FAF82352-4013-4622-911A-DAD4E6F1754B}.Release|x86.Build.0 = Release|x86
		{7EAE6816-8FD9-4456-9387-851F075F73FC}.Debug|Any CPU.ActiveCfg = Debug|Any CPU
		{7EAE6816-8FD9-4456-9387-851F075F73FC}.Debug|Any CPU.Build.0 = Debug|Any CPU
		{7EAE6816-8FD9-4456-9387-851F075F73FC}.Debug|x86.ActiveCfg = Debug|x86
		{7EAE6816-8FD9-4456-9387-851F075F73FC}.Debug|x86.Build.0 = Debug|x86
		{7EAE6816-8FD9-4456-9387-851F075F73FC}.Release|Any CPU.ActiveCfg = Release|Any CPU
		{7EAE6816-8FD9-4456-9387-851F075F73FC}.Release|Any CPU.Build.0 = Release|Any CPU
		{7EAE6816-8FD9-4456-9387-851F075F73FC}.Release|x86.ActiveCfg = Release|x86
		{7EAE6816-8FD9-4456-9387-851F075F73FC}.Release|x86.Build.0 = Release|x86
		{D1C15118-1FBC-4FD6-BE22-A85EDABB7321}.Debug|Any CPU.ActiveCfg = Debug|Any CPU
		{D1C15118-1FBC-4FD6-BE22-A85EDABB7321}.Debug|Any CPU.Build.0 = Debug|Any CPU
		{D1C15118-1FBC-4FD6-BE22-A85EDABB7321}.Debug|x86.ActiveCfg = Debug|x86
		{D1C15118-1FBC-4FD6-BE22-A85EDABB7321}.Debug|x86.Build.0 = Debug|x86
		{D1C15118-1FBC-4FD6-BE22-A85EDABB7321}.Release|Any CPU.ActiveCfg = Release|Any CPU
		{D1C15118-1FBC-4FD6-BE22-A85EDABB7321}.Release|Any CPU.Build.0 = Release|Any CPU
		{D1C15118-1FBC-4FD6-BE22-A85EDABB7321}.Release|x86.ActiveCfg = Release|x86
		{D1C15118-1FBC-4FD6-BE22-A85EDABB7321}.Release|x86.Build.0 = Release|x86
		{6CC7B4F1-4DF6-41A3-87A5-A7A8ED1DCDFC}.Debug|Any CPU.ActiveCfg = Debug|Any CPU
		{6CC7B4F1-4DF6-41A3-87A5-A7A8ED1DCDFC}.Debug|Any CPU.Build.0 = Debug|Any CPU
		{6CC7B4F1-4DF6-41A3-87A5-A7A8ED1DCDFC}.Debug|x86.ActiveCfg = Debug|x86
		{6CC7B4F1-4DF6-41A3-87A5-A7A8ED1DCDFC}.Debug|x86.Build.0 = Debug|x86
		{6CC7B4F1-4DF6-41A3-87A5-A7A8ED1DCDFC}.Release|Any CPU.ActiveCfg = Release|Any CPU
		{6CC7B4F1-4DF6-41A3-87A5-A7A8ED1DCDFC}.Release|Any CPU.Build.0 = Release|Any CPU
		{6CC7B4F1-4DF6-41A3-87A5-A7A8ED1DCDFC}.Release|x86.ActiveCfg = Release|x86
		{6CC7B4F1-4DF6-41A3-87A5-A7A8ED1DCDFC}.Release|x86.Build.0 = Release|x86
		{40258B40-0DBD-4E63-9D04-E09A4BF3E5B3}.Debug|Any CPU.ActiveCfg = Debug|Any CPU
		{40258B40-0DBD-4E63-9D04-E09A4BF3E5B3}.Debug|Any CPU.Build.0 = Debug|Any CPU
		{40258B40-0DBD-4E63-9D04-E09A4BF3E5B3}.Debug|x86.ActiveCfg = Debug|x86
		{40258B40-0DBD-4E63-9D04-E09A4BF3E5B3}.Debug|x86.Build.0 = Debug|x86
		{40258B40-0DBD-4E63-9D04-E09A4BF3E5B3}.Release|Any CPU.ActiveCfg = Release|Any CPU
		{40258B40-0DBD-4E63-9D04-E09A4BF3E5B3}.Release|Any CPU.Build.0 = Release|Any CPU
		{40258B40-0DBD-4E63-9D04-E09A4BF3E5B3}.Release|x86.ActiveCfg = Release|x86
		{40258B40-0DBD-4E63-9D04-E09A4BF3E5B3}.Release|x86.Build.0 = Release|x86
		{DE147760-0C55-4B95-BA3C-CE0DDE01AFE7}.Debug|Any CPU.ActiveCfg = Debug|Any CPU
		{DE147760-0C55-4B95-BA3C-CE0DDE01AFE7}.Debug|Any CPU.Build.0 = Debug|Any CPU
		{DE147760-0C55-4B95-BA3C-CE0DDE01AFE7}.Debug|x86.ActiveCfg = Debug|x86
		{DE147760-0C55-4B95-BA3C-CE0DDE01AFE7}.Debug|x86.Build.0 = Debug|x86
		{DE147760-0C55-4B95-BA3C-CE0DDE01AFE7}.Release|Any CPU.ActiveCfg = Release|Any CPU
		{DE147760-0C55-4B95-BA3C-CE0DDE01AFE7}.Release|Any CPU.Build.0 = Release|Any CPU
		{DE147760-0C55-4B95-BA3C-CE0DDE01AFE7}.Release|x86.ActiveCfg = Release|Any CPU
		{DE147760-0C55-4B95-BA3C-CE0DDE01AFE7}.Release|x86.Build.0 = Release|Any CPU
	EndGlobalSection
	GlobalSection(SolutionProperties) = preSolution
		HideSolutionNode = FALSE
	EndGlobalSection
	GlobalSection(NestedProjects) = preSolution
		{7EAE6816-8FD9-4456-9387-851F075F73FC} = {2D9E67CC-6EDC-495E-876E-50DD65E6B28B}
		{D1C15118-1FBC-4FD6-BE22-A85EDABB7321} = {2D9E67CC-6EDC-495E-876E-50DD65E6B28B}
		{40258B40-0DBD-4E63-9D04-E09A4BF3E5B3} = {2D9E67CC-6EDC-495E-876E-50DD65E6B28B}
		{DE147760-0C55-4B95-BA3C-CE0DDE01AFE7} = {2D9E67CC-6EDC-495E-876E-50DD65E6B28B}
	EndGlobalSection
	GlobalSection(ExtensibilityGlobals) = postSolution
		SolutionGuid = {9FDC9A3C-F692-46B0-AC6B-C2849FB37769}
	EndGlobalSection
EndGlobal
