<?xml version='1.0' encoding='utf-8'?>
<Project xmlns="http://schemas.microsoft.com/developer/msbuild/2003" ToolsVersion="4.0">
  <ItemGroup>
    <Filter Include="common" />
    <Filter Include="generated" />
    <Filter Include="loader" />
    <Filter Include="third_party" />
    <Filter Include="xlz" />
  </ItemGroup>
  <ItemGroup>
    <ClCompile Include="common\Diagnostics.cpp">
      <Filter>common</Filter>
    </ClCompile>
    <ClCompile Include="common\Encoding.cpp">
      <Filter>common</Filter>
    </ClCompile>
    <ClCompile Include="loader\main.cpp">
      <Filter>loader</Filter>
    </ClCompile>
    <ClCompile Include="loader\MenuUiThread.cpp">
      <Filter>loader</Filter>
    </ClCompile>
    <ClCompile Include="loader\PipeClient.cpp">
      <Filter>loader</Filter>
    </ClCompile>
    <ClCompile Include="loader\PluginHost.cpp">
      <Filter>loader</Filter>
    </ClCompile>
    <ClInclude Include="common\Diagnostics.h">
      <Filter>common</Filter>
    </ClInclude>
    <ClInclude Include="common\Encoding.h">
      <Filter>common</Filter>
    </ClInclude>
    <ClInclude Include="common\JsonCodec.h">
      <Filter>common</Filter>
    </ClInclude>
    <ClInclude Include="loader\MenuUiThread.h">
      <Filter>loader</Filter>
    </ClInclude>
    <ClInclude Include="loader\PipeClient.h">
      <Filter>loader</Filter>
    </ClInclude>
    <ClInclude Include="loader\PluginHost.h">
      <Filter>loader</Filter>
    </ClInclude>
    <ClInclude Include="generated\XlzApiNames.h">
      <Filter>generated</Filter>
    </ClInclude>
    <ClInclude Include="generated\XlzStructs.h">
      <Filter>generated</Filter>
    </ClInclude>
    <ClInclude Include="xlz\XlzMessage.h">
      <Filter>xlz</Filter>
    </ClInclude>
    <ClInclude Include="third_party\picojson.h">
      <Filter>third_party</Filter>
    </ClInclude>
    <None Include="loader\loader_x86.def">
      <Filter>loader</Filter>
    </None>
  </ItemGroup>
</Project>