<?xml version='1.0' encoding='utf-8'?>
<Project xmlns="http://schemas.microsoft.com/developer/msbuild/2003" ToolsVersion="4.0">
  <ItemGroup>
    <Filter Include="bridge" />
    <Filter Include="common" />
    <Filter Include="generated" />
    <Filter Include="third_party" />
    <Filter Include="xlz" />
  </ItemGroup>
  <ItemGroup>
    <ClCompile Include="bridge\CqpBridge.cpp">
      <Filter>bridge</Filter>
    </ClCompile>
    <ClCompile Include="common\Encoding.cpp">
      <Filter>common</Filter>
    </ClCompile>
    <ClInclude Include="common\Encoding.h">
      <Filter>common</Filter>
    </ClInclude>
    <ClInclude Include="common\JsonCodec.h">
      <Filter>common</Filter>
    </ClInclude>
    <ClInclude Include="generated\XlzStructs.h">
      <Filter>generated</Filter>
    </ClInclude>
    <ClInclude Include="xlz\XlzMessage.h">
      <Filter>xlz</Filter>
    </ClInclude>
    <ClInclude Include="third_party\picojson.h">
      <Filter>third_party</Filter>
    </ClInclude>
    <None Include="generated\cqp.def">
      <Filter>generated</Filter>
    </None>
    <None Include="generated\cqp_x86.def">
      <Filter>generated</Filter>
    </None>
    <None Include="generated\cqp_exports.inc">
      <Filter>generated</Filter>
    </None>
    <None Include="xlz\XlzBridge.inc">
      <Filter>xlz</Filter>
    </None>
    <None Include="generated\xlz_exports.inc">
      <Filter>generated</Filter>
    </None>
  </ItemGroup>
</Project>